
Microsoft Visual Studio Solution File, Format Version 10.00
# Visual Studio 2008
Project("{FAE04EC0-301F-11D3-BF4B-00C04F79EFBC}") = "Sinject", "Source\Sinject\Sinject.csproj", "{4ED2ACE9-1BF7-4E61-B4D3-E1CD3BC76826}"
EndProject
Project("{FAE04EC0-301F-11D3-BF4B-00C04F79EFBC}") = "Sinject.Tests", "Source\Sinject.Tests\Sinject.Tests.csproj", "{AE6E1946-D1E5-4BF6-ADC2-6C734BCB83D7}"
EndProject
Global
	GlobalSection(SolutionConfigurationPlatforms) = preSolution
		Debug|Any CPU = Debug|Any CPU
		Debug|Mixed Platforms = Debug|Mixed Platforms
		Debug|x86 = Debug|x86
		Release|Any CPU = Release|Any CPU
		Release|Mixed Platforms = Release|Mixed Platforms
		Release|x86 = Release|x86
	EndGlobalSection
	GlobalSection(ProjectConfigurationPlatforms) = postSolution
		{4ED2ACE9-1BF7-4E61-B4D3-E1CD3BC76826}.Debug|Any CPU.ActiveCfg = Debug|x86
		{4ED2ACE9-1BF7-4E61-B4D3-E1CD3BC76826}.Debug|Mixed Platforms.ActiveCfg = Debug|x86
		{4ED2ACE9-1BF7-4E61-B4D3-E1CD3BC76826}.Debug|Mixed Platforms.Build.0 = Debug|x86
		{4ED2ACE9-1BF7-4E61-B4D3-E1CD3BC76826}.Debug|x86.ActiveCfg = Debug|x86
		{4ED2ACE9-1BF7-4E61-B4D3-E1CD3BC76826}.Debug|x86.Build.0 = Debug|x86
		{4ED2ACE9-1BF7-4E61-B4D3-E1CD3BC76826}.Release|Any CPU.ActiveCfg = Release|x86
		{4ED2ACE9-1BF7-4E61-B4D3-E1CD3BC76826}.Release|Mixed Platforms.ActiveCfg = Release|x86
		{4ED2ACE9-1BF7-4E61-B4D3-E1CD3BC76826}.Release|Mixed Platforms.Build.0 = Release|x86
		{4ED2ACE9-1BF7-4E61-B4D3-E1CD3BC76826}.Release|x86.ActiveCfg = Release|x86
		{4ED2ACE9-1BF7-4E61-B4D3-E1CD3BC76826}.Release|x86.Build.0 = Release|x86
		{AE6E1946-D1E5-4BF6-ADC2-6C734BCB83D7}.Debug|Any CPU.ActiveCfg = Debug|Any CPU
		{AE6E1946-D1E5-4BF6-ADC2-6C734BCB83D7}.Debug|Any CPU.Build.0 = Debug|Any CPU
		{AE6E1946-D1E5-4BF6-ADC2-6C734BCB83D7}.Debug|Mixed Platforms.ActiveCfg = Debug|Any CPU
		{AE6E1946-D1E5-4BF6-ADC2-6C734BCB83D7}.Debug|Mixed Platforms.Build.0 = Debug|Any CPU
		{AE6E1946-D1E5-4BF6-ADC2-6C734BCB83D7}.Debug|x86.ActiveCfg = Debug|Any CPU
		{AE6E1946-D1E5-4BF6-ADC2-6C734BCB83D7}.Release|Any CPU.ActiveCfg = Release|Any CPU
		{AE6E1946-D1E5-4BF6-ADC2-6C734BCB83D7}.Release|Any CPU.Build.0 = Release|Any CPU
		{AE6E1946-D1E5-4BF6-ADC2-6C734BCB83D7}.Release|Mixed Platforms.ActiveCfg = Release|Any CPU
		{AE6E1946-D1E5-4BF6-ADC2-6C734BCB83D7}.Release|Mixed Platforms.Build.0 = Release|Any CPU
		{AE6E1946-D1E5-4BF6-ADC2-6C734BCB83D7}.Release|x86.ActiveCfg = Release|Any CPU
	EndGlobalSection
	GlobalSection(SolutionProperties) = preSolution
		HideSolutionNode = FALSE
	EndGlobalSection
EndGlobal
